// !$*UTF8*$!
{
	archiveVersion = 1;
	classes = {
	};
	objectVersion = 56;
	objects = {

/* Begin PBXBuildFile section */
		AD231258283EED1200254BBF /* Assets.xcassets in Resources */ = {isa = PBXBuildFile; fileRef = AD231257283EED1200254BBF /* Assets.xcassets */; };
		AD23125C283EED1200254BBF /* Preview Assets.xcassets in Resources */ = {isa = PBXBuildFile; fileRef = AD23125B283EED1200254BBF /* Preview Assets.xcassets */; };
		AD231263283EF16900254BBF /* NavigationCookbookApp.swift in Sources */ = {isa = PBXBuildFile; fileRef = 4D613FD327FB91380018C5F3 /* NavigationCookbookApp.swift */; };
		AD231264283EF16900254BBF /* Category.swift in Sources */ = {isa = PBXBuildFile; fileRef = 4D5A797727FF62E9009CCB40 /* Category.swift */; };
		AD231266283EF16900254BBF /* Ingredient.swift in Sources */ = {isa = PBXBuildFile; fileRef = 4D5A797A27FF6329009CCB40 /* Ingredient.swift */; };
		AD231268283EF16900254BBF /* Recipe.swift in Sources */ = {isa = PBXBuildFile; fileRef = 4D5A797D27FF6350009CCB40 /* Recipe.swift */; };
		AD23126D283EF16900254BBF /* RecipeDetail.swift in Sources */ = {isa = PBXBuildFile; fileRef = 4D5A798027FF7731009CCB40 /* RecipeDetail.swift */; };
		AD23126F283EF16900254BBF /* RecipePhoto.swift in Sources */ = {isa = PBXBuildFile; fileRef = 4D4B1108282471950010C99B /* RecipePhoto.swift */; };
		AD231270283EF16900254BBF /* RecipeTile.swift in Sources */ = {isa = PBXBuildFile; fileRef = 4DCEE8D3280DD0F10054F7BD /* RecipeTile.swift */; };
		AD231271283EF16900254BBF /* StackContentView.swift in Sources */ = {isa = PBXBuildFile; fileRef = 4D5A796727FD4EBE009CCB40 /* StackContentView.swift */; };
		B3C78FCF2C11FA7E0033F872 /* ComposableArchitecture in Frameworks */ = {isa = PBXBuildFile; productRef = B3C78FCE2C11FA7E0033F872 /* ComposableArchitecture */; };
		D23D88AA2C13FB8300227F33 /* RecipeError.swift in Sources */ = {isa = PBXBuildFile; fileRef = D23D88A92C13FB8300227F33 /* RecipeError.swift */; };
		D23D88AC2C141A4E00227F33 /* Navigation.swift in Sources */ = {isa = PBXBuildFile; fileRef = D23D88AB2C141A4E00227F33 /* Navigation.swift */; };
		D23D88C22C1458FD00227F33 /* DataManager.swift in Sources */ = {isa = PBXBuildFile; fileRef = D23D88C12C1458FD00227F33 /* DataManager.swift */; };
		D23D88C42C14597D00227F33 /* DataMangerError.swift in Sources */ = {isa = PBXBuildFile; fileRef = D23D88C32C14597D00227F33 /* DataMangerError.swift */; };
		D23D88C72C145CD800227F33 /* String+.swift in Sources */ = {isa = PBXBuildFile; fileRef = D23D88C62C145CD800227F33 /* String+.swift */; };
		D23D88C92C145D4200227F33 /* BuiltInRecipes.swift in Sources */ = {isa = PBXBuildFile; fileRef = D23D88C82C145D4200227F33 /* BuiltInRecipes.swift */; };
/* End PBXBuildFile section */

/* Begin PBXFileReference section */
		4D4B1108282471950010C99B /* RecipePhoto.swift */ = {isa = PBXFileReference; lastKnownFileType = sourcecode.swift; path = RecipePhoto.swift; sourceTree = "<group>"; };
		4D5A796727FD4EBE009CCB40 /* StackContentView.swift */ = {isa = PBXFileReference; lastKnownFileType = sourcecode.swift; path = StackContentView.swift; sourceTree = "<group>"; };
		4D5A797727FF62E9009CCB40 /* Category.swift */ = {isa = PBXFileReference; lastKnownFileType = sourcecode.swift; path = Category.swift; sourceTree = "<group>"; };
		4D5A797A27FF6329009CCB40 /* Ingredient.swift */ = {isa = PBXFileReference; lastKnownFileType = sourcecode.swift; path = Ingredient.swift; sourceTree = "<group>"; };
		4D5A797D27FF6350009CCB40 /* Recipe.swift */ = {isa = PBXFileReference; lastKnownFileType = sourcecode.swift; path = Recipe.swift; sourceTree = "<group>"; };
		4D5A798027FF7731009CCB40 /* RecipeDetail.swift */ = {isa = PBXFileReference; lastKnownFileType = sourcecode.swift; path = RecipeDetail.swift; sourceTree = "<group>"; };
		4D613FD327FB91380018C5F3 /* NavigationCookbookApp.swift */ = {isa = PBXFileReference; lastKnownFileType = sourcecode.swift; path = NavigationCookbookApp.swift; sourceTree = "<group>"; };
		4DCEE8D3280DD0F10054F7BD /* RecipeTile.swift */ = {isa = PBXFileReference; lastKnownFileType = sourcecode.swift; path = RecipeTile.swift; sourceTree = "<group>"; };
		AD231251283EED1000254BBF /* NavigationCookbook.app */ = {isa = PBXFileReference; explicitFileType = wrapper.application; includeInIndex = 0; path = NavigationCookbook.app; sourceTree = BUILT_PRODUCTS_DIR; };
		AD231257283EED1200254BBF /* Assets.xcassets */ = {isa = PBXFileReference; lastKnownFileType = folder.assetcatalog; path = Assets.xcassets; sourceTree = "<group>"; };
		AD231259283EED1200254BBF /* NavigationCookbook.entitlements */ = {isa = PBXFileReference; lastKnownFileType = text.plist.entitlements; path = NavigationCookbook.entitlements; sourceTree = "<group>"; };
		AD23125B283EED1200254BBF /* Preview Assets.xcassets */ = {isa = PBXFileReference; lastKnownFileType = folder.assetcatalog; path = "Preview Assets.xcassets"; sourceTree = "<group>"; };
		D23D88A92C13FB8300227F33 /* RecipeError.swift */ = {isa = PBXFileReference; lastKnownFileType = sourcecode.swift; path = RecipeError.swift; sourceTree = "<group>"; };
		D23D88AB2C141A4E00227F33 /* Navigation.swift */ = {isa = PBXFileReference; lastKnownFileType = sourcecode.swift; path = Navigation.swift; sourceTree = "<group>"; };
		D23D88C12C1458FD00227F33 /* DataManager.swift */ = {isa = PBXFileReference; lastKnownFileType = sourcecode.swift; path = DataManager.swift; sourceTree = "<group>"; };
		D23D88C32C14597D00227F33 /* DataMangerError.swift */ = {isa = PBXFileReference; lastKnownFileType = sourcecode.swift; path = DataMangerError.swift; sourceTree = "<group>"; };
		D23D88C62C145CD800227F33 /* String+.swift */ = {isa = PBXFileReference; lastKnownFileType = sourcecode.swift; path = "String+.swift"; sourceTree = "<group>"; };
		D23D88C82C145D4200227F33 /* BuiltInRecipes.swift */ = {isa = PBXFileReference; lastKnownFileType = sourcecode.swift; path = BuiltInRecipes.swift; sourceTree = "<group>"; };
/* End PBXFileReference section */

/* Begin PBXFrameworksBuildPhase section */
		AD23124E283EED1000254BBF /* Frameworks */ = {
			isa = PBXFrameworksBuildPhase;
			buildActionMask = 2147483647;
			files = (
				B3C78FCF2C11FA7E0033F872 /* ComposableArchitecture in Frameworks */,
			);
			runOnlyForDeploymentPostprocessing = 0;
		};
/* End PBXFrameworksBuildPhase section */

/* Begin PBXGroup section */
		4D613FCD27FB91380018C5F3 = {
			isa = PBXGroup;
			children = (
				AD231252283EED1000254BBF /* NavigationCookbook */,
				4D613FDB27FB913A0018C5F3 /* Products */,
			);
			sourceTree = "<group>";
		};
		4D613FDB27FB913A0018C5F3 /* Products */ = {
			isa = PBXGroup;
			children = (
				AD231251283EED1000254BBF /* NavigationCookbook.app */,
			);
			name = Products;
			sourceTree = "<group>";
		};
		AD231252283EED1000254BBF /* NavigationCookbook */ = {
			isa = PBXGroup;
			children = (
				4D613FD327FB91380018C5F3 /* NavigationCookbookApp.swift */,
				AD231260283EEF6F00254BBF /* Resources */,
				AD231262283EEFA000254BBF /* Models */,
				D23D88C02C1458CF00227F33 /* Manager */,
				AD231261283EEF8200254BBF /* Views */,
				D23D88A82C13FB7500227F33 /* Error */,
				D23D88C52C145CBD00227F33 /* Extension */,
			);
			path = NavigationCookbook;
			sourceTree = "<group>";
		};
		AD23125A283EED1200254BBF /* Preview Content */ = {
			isa = PBXGroup;
			children = (
				AD23125B283EED1200254BBF /* Preview Assets.xcassets */,
			);
			path = "Preview Content";
			sourceTree = "<group>";
		};
		AD231260283EEF6F00254BBF /* Resources */ = {
			isa = PBXGroup;
			children = (
				AD231257283EED1200254BBF /* Assets.xcassets */,
				AD231259283EED1200254BBF /* NavigationCookbook.entitlements */,
				AD23125A283EED1200254BBF /* Preview Content */,
			);
			path = Resources;
			sourceTree = "<group>";
		};
		AD231261283EEF8200254BBF /* Views */ = {
			isa = PBXGroup;
			children = (
				D23D88AB2C141A4E00227F33 /* Navigation.swift */,
				4D5A796727FD4EBE009CCB40 /* StackContentView.swift */,
				4D5A798027FF7731009CCB40 /* RecipeDetail.swift */,
				4D4B1108282471950010C99B /* RecipePhoto.swift */,
				4DCEE8D3280DD0F10054F7BD /* RecipeTile.swift */,
			);
			path = Views;
			sourceTree = "<group>";
		};
		AD231262283EEFA000254BBF /* Models */ = {
			isa = PBXGroup;
			children = (
				4D5A797727FF62E9009CCB40 /* Category.swift */,
				4D5A797A27FF6329009CCB40 /* Ingredient.swift */,
				4D5A797D27FF6350009CCB40 /* Recipe.swift */,
				D23D88C82C145D4200227F33 /* BuiltInRecipes.swift */,
			);
			path = Models;
			sourceTree = "<group>";
		};
		D23D88A82C13FB7500227F33 /* Error */ = {
			isa = PBXGroup;
			children = (
				D23D88A92C13FB8300227F33 /* RecipeError.swift */,
				D23D88C32C14597D00227F33 /* DataMangerError.swift */,
			);
			path = Error;
			sourceTree = "<group>";
		};
		D23D88C02C1458CF00227F33 /* Manager */ = {
			isa = PBXGroup;
			children = (
				D23D88C12C1458FD00227F33 /* DataManager.swift */,
			);
			path = Manager;
			sourceTree = "<group>";
		};
		D23D88C52C145CBD00227F33 /* Extension */ = {
			isa = PBXGroup;
			children = (
				D23D88C62C145CD800227F33 /* String+.swift */,
			);
			path = Extension;
			sourceTree = "<group>";
		};
/* End PBXGroup section */

/* Begin PBXNativeTarget section */
		AD231250283EED1000254BBF /* NavigationCookbook */ = {
			isa = PBXNativeTarget;
			buildConfigurationList = AD23125F283EED1200254BBF /* Build configuration list for PBXNativeTarget "NavigationCookbook" */;
			buildPhases = (
				AD23124D283EED1000254BBF /* Sources */,
				AD23124E283EED1000254BBF /* Frameworks */,
				AD23124F283EED1000254BBF /* Resources */,
			);
			buildRules = (
			);
			dependencies = (
			);
			name = NavigationCookbook;
			packageProductDependencies = (
				B3C78FCE2C11FA7E0033F872 /* ComposableArchitecture */,
			);
			productName = NavigationCookbook;
			productReference = AD231251283EED1000254BBF /* NavigationCookbook.app */;
			productType = "com.apple.product-type.application";
		};
/* End PBXNativeTarget section */

/* Begin PBXProject section */
		4D613FCE27FB91380018C5F3 /* Project object */ = {
			isa = PBXProject;
			attributes = {
				BuildIndependentTargetsInParallel = 1;
				LastSwiftUpdateCheck = 1400;
				LastUpgradeCheck = 1400;
				ORGANIZATIONNAME = Apple;
				TargetAttributes = {
					AD231250283EED1000254BBF = {
						CreatedOnToolsVersion = 14.0;
					};
				};
			};
			buildConfigurationList = 4D613FD127FB91380018C5F3 /* Build configuration list for PBXProject "NavigationCookbook" */;
			compatibilityVersion = "Xcode 14.0";
			developmentRegion = en;
			hasScannedForEncodings = 0;
			knownRegions = (
				en,
				Base,
			);
			mainGroup = 4D613FCD27FB91380018C5F3;
			packageReferences = (
				B3C78FCD2C11FA7E0033F872 /* XCRemoteSwiftPackageReference "swift-composable-architecture" */,
			);
			productRefGroup = 4D613FDB27FB913A0018C5F3 /* Products */;
			projectDirPath = "";
			projectRoot = "";
			targets = (
				AD231250283EED1000254BBF /* NavigationCookbook */,
			);
		};
/* End PBXProject section */

/* Begin PBXResourcesBuildPhase section */
		AD23124F283EED1000254BBF /* Resources */ = {
			isa = PBXResourcesBuildPhase;
			buildActionMask = 2147483647;
			files = (
				AD23125C283EED1200254BBF /* Preview Assets.xcassets in Resources */,
				AD231258283EED1200254BBF /* Assets.xcassets in Resources */,
			);
			runOnlyForDeploymentPostprocessing = 0;
		};
/* End PBXResourcesBuildPhase section */

/* Begin PBXSourcesBuildPhase section */
		AD23124D283EED1000254BBF /* Sources */ = {
			isa = PBXSourcesBuildPhase;
			buildActionMask = 2147483647;
			files = (
				AD231263283EF16900254BBF /* NavigationCookbookApp.swift in Sources */,
				D23D88C92C145D4200227F33 /* BuiltInRecipes.swift in Sources */,
				AD231264283EF16900254BBF /* Category.swift in Sources */,
				AD231266283EF16900254BBF /* Ingredient.swift in Sources */,
				D23D88AC2C141A4E00227F33 /* Navigation.swift in Sources */,
				AD231268283EF16900254BBF /* Recipe.swift in Sources */,
				D23D88C72C145CD800227F33 /* String+.swift in Sources */,
				D23D88AA2C13FB8300227F33 /* RecipeError.swift in Sources */,
				AD23126D283EF16900254BBF /* RecipeDetail.swift in Sources */,
				AD23126F283EF16900254BBF /* RecipePhoto.swift in Sources */,
				AD231270283EF16900254BBF /* RecipeTile.swift in Sources */,
				D23D88C22C1458FD00227F33 /* DataManager.swift in Sources */,
				D23D88C42C14597D00227F33 /* DataMangerError.swift in Sources */,
				AD231271283EF16900254BBF /* StackContentView.swift in Sources */,
			);
			runOnlyForDeploymentPostprocessing = 0;
		};
/* End PBXSourcesBuildPhase section */

/* Begin XCBuildConfiguration section */
		4D613FE927FB913A0018C5F3 /* Debug */ = {
			isa = XCBuildConfiguration;
			buildSettings = {
				ALWAYS_SEARCH_USER_PATHS = NO;
				CLANG_ANALYZER_NONNULL = YES;
				CLANG_ANALYZER_NUMBER_OBJECT_CONVERSION = YES_AGGRESSIVE;
				CLANG_CXX_LANGUAGE_STANDARD = "gnu++17";
				CLANG_ENABLE_MODULES = YES;
				CLANG_ENABLE_OBJC_ARC = YES;
				CLANG_ENABLE_OBJC_WEAK = YES;
				CLANG_WARN_BLOCK_CAPTURE_AUTORELEASING = YES;
				CLANG_WARN_BOOL_CONVERSION = YES;
				CLANG_WARN_COMMA = YES;
				CLANG_WARN_CONSTANT_CONVERSION = YES;
				CLANG_WARN_DEPRECATED_OBJC_IMPLEMENTATIONS = YES;
				CLANG_WARN_DIRECT_OBJC_ISA_USAGE = YES_ERROR;
				CLANG_WARN_DOCUMENTATION_COMMENTS = YES;
				CLANG_WARN_EMPTY_BODY = YES;
				CLANG_WARN_ENUM_CONVERSION = YES;
				CLANG_WARN_INFINITE_RECURSION = YES;
				CLANG_WARN_INT_CONVERSION = YES;
				CLANG_WARN_NON_LITERAL_NULL_CONVERSION = YES;
				CLANG_WARN_OBJC_IMPLICIT_RETAIN_SELF = YES;
				CLANG_WARN_OBJC_LITERAL_CONVERSION = YES;
				CLANG_WARN_OBJC_ROOT_CLASS = YES_ERROR;
				CLANG_WARN_QUOTED_INCLUDE_IN_FRAMEWORK_HEADER = YES;
				CLANG_WARN_RANGE_LOOP_ANALYSIS = YES;
				CLANG_WARN_STRICT_PROTOTYPES = YES;
				CLANG_WARN_SUSPICIOUS_MOVE = YES;
				CLANG_WARN_UNGUARDED_AVAILABILITY = YES_AGGRESSIVE;
				CLANG_WARN_UNREACHABLE_CODE = YES;
				CLANG_WARN__DUPLICATE_METHOD_MATCH = YES;
				COMPILER_INDEX_STORE_ENABLE = No;
				COPY_PHASE_STRIP = NO;
				DEBUG_INFORMATION_FORMAT = dwarf;
				ENABLE_STRICT_OBJC_MSGSEND = YES;
				ENABLE_TESTABILITY = YES;
				GCC_C_LANGUAGE_STANDARD = gnu11;
				GCC_DYNAMIC_NO_PIC = NO;
				GCC_NO_COMMON_BLOCKS = YES;
				GCC_OPTIMIZATION_LEVEL = 0;
				GCC_PREPROCESSOR_DEFINITIONS = (
					"DEBUG=1",
					"$(inherited)",
				);
				GCC_WARN_64_TO_32_BIT_CONVERSION = YES;
				GCC_WARN_ABOUT_RETURN_TYPE = YES_ERROR;
				GCC_WARN_UNDECLARED_SELECTOR = YES;
				GCC_WARN_UNINITIALIZED_AUTOS = YES_AGGRESSIVE;
				GCC_WARN_UNUSED_FUNCTION = YES;
				GCC_WARN_UNUSED_VARIABLE = YES;
				IPHONEOS_DEPLOYMENT_TARGET = 16.0;
				MACOSX_DEPLOYMENT_TARGET = 13.0;
				MTL_ENABLE_DEBUG_INFO = INCLUDE_SOURCE;
				MTL_FAST_MATH = YES;
				ONLY_ACTIVE_ARCH = YES;
				SWIFT_ACTIVE_COMPILATION_CONDITIONS = DEBUG;
				SWIFT_OPTIMIZATION_LEVEL = "-Onone";
			};
			name = Debug;
		};
		4D613FEA27FB913A0018C5F3 /* Release */ = {
			isa = XCBuildConfiguration;
			buildSettings = {
				ALWAYS_SEARCH_USER_PATHS = NO;
				CLANG_ANALYZER_NONNULL = YES;
				CLANG_ANALYZER_NUMBER_OBJECT_CONVERSION = YES_AGGRESSIVE;
				CLANG_CXX_LANGUAGE_STANDARD = "gnu++17";
				CLANG_ENABLE_MODULES = YES;
				CLANG_ENABLE_OBJC_ARC = YES;
				CLANG_ENABLE_OBJC_WEAK = YES;
				CLANG_WARN_BLOCK_CAPTURE_AUTORELEASING = YES;
				CLANG_WARN_BOOL_CONVERSION = YES;
				CLANG_WARN_COMMA = YES;
				CLANG_WARN_CONSTANT_CONVERSION = YES;
				CLANG_WARN_DEPRECATED_OBJC_IMPLEMENTATIONS = YES;
				CLANG_WARN_DIRECT_OBJC_ISA_USAGE = YES_ERROR;
				CLANG_WARN_DOCUMENTATION_COMMENTS = YES;
				CLANG_WARN_EMPTY_BODY = YES;
				CLANG_WARN_ENUM_CONVERSION = YES;
				CLANG_WARN_INFINITE_RECURSION = YES;
				CLANG_WARN_INT_CONVERSION = YES;
				CLANG_WARN_NON_LITERAL_NULL_CONVERSION = YES;
				CLANG_WARN_OBJC_IMPLICIT_RETAIN_SELF = YES;
				CLANG_WARN_OBJC_LITERAL_CONVERSION = YES;
				CLANG_WARN_OBJC_ROOT_CLASS = YES_ERROR;
				CLANG_WARN_QUOTED_INCLUDE_IN_FRAMEWORK_HEADER = YES;
				CLANG_WARN_RANGE_LOOP_ANALYSIS = YES;
				CLANG_WARN_STRICT_PROTOTYPES = YES;
				CLANG_WARN_SUSPICIOUS_MOVE = YES;
				CLANG_WARN_UNGUARDED_AVAILABILITY = YES_AGGRESSIVE;
				CLANG_WARN_UNREACHABLE_CODE = YES;
				CLANG_WARN__DUPLICATE_METHOD_MATCH = YES;
				COMPILER_INDEX_STORE_ENABLE = No;
				COPY_PHASE_STRIP = NO;
				DEBUG_INFORMATION_FORMAT = "dwarf-with-dsym";
				ENABLE_NS_ASSERTIONS = NO;
				ENABLE_STRICT_OBJC_MSGSEND = YES;
				GCC_C_LANGUAGE_STANDARD = gnu11;
				GCC_NO_COMMON_BLOCKS = YES;
				GCC_WARN_64_TO_32_BIT_CONVERSION = YES;
				GCC_WARN_ABOUT_RETURN_TYPE = YES_ERROR;
				GCC_WARN_UNDECLARED_SELECTOR = YES;
				GCC_WARN_UNINITIALIZED_AUTOS = YES_AGGRESSIVE;
				GCC_WARN_UNUSED_FUNCTION = YES;
				GCC_WARN_UNUSED_VARIABLE = YES;
				IPHONEOS_DEPLOYMENT_TARGET = 16.0;
				MACOSX_DEPLOYMENT_TARGET = 13.0;
				MTL_ENABLE_DEBUG_INFO = NO;
				MTL_FAST_MATH = YES;
				SWIFT_COMPILATION_MODE = wholemodule;
				SWIFT_OPTIMIZATION_LEVEL = "-O";
			};
			name = Release;
		};
		AD23125D283EED1200254BBF /* Debug */ = {
			isa = XCBuildConfiguration;
			buildSettings = {
				ASSETCATALOG_COMPILER_APPICON_NAME = AppIcon;
				ASSETCATALOG_COMPILER_GLOBAL_ACCENT_COLOR_NAME = AccentColor;
				CODE_SIGN_ENTITLEMENTS = NavigationCookbook/Resources/NavigationCookbook.entitlements;
				CODE_SIGN_IDENTITY = "Apple Development";
				"CODE_SIGN_IDENTITY[sdk=macosx*]" = "Apple Development";
				CODE_SIGN_STYLE = Automatic;
				CURRENT_PROJECT_VERSION = 1;
				DEVELOPMENT_ASSET_PATHS = "\"NavigationCookbook/Resources/Preview Content\"";
				DEVELOPMENT_TEAM = WGHLUH2UCD;
				ENABLE_PREVIEWS = YES;
				GENERATE_INFOPLIST_FILE = YES;
				"INFOPLIST_KEY_UILaunchScreen_Generation[sdk=iphoneos*]" = YES;
				"INFOPLIST_KEY_UILaunchScreen_Generation[sdk=iphonesimulator*]" = YES;
				"INFOPLIST_KEY_UISupportedInterfaceOrientations_iPad[sdk=iphoneos*]" = "UIInterfaceOrientationPortrait UIInterfaceOrientationPortraitUpsideDown UIInterfaceOrientationLandscapeLeft UIInterfaceOrientationLandscapeRight";
				"INFOPLIST_KEY_UISupportedInterfaceOrientations_iPad[sdk=iphonesimulator*]" = "UIInterfaceOrientationPortrait UIInterfaceOrientationPortraitUpsideDown UIInterfaceOrientationLandscapeLeft UIInterfaceOrientationLandscapeRight";
				"INFOPLIST_KEY_UISupportedInterfaceOrientations_iPhone[sdk=iphoneos*]" = "UIInterfaceOrientationPortrait UIInterfaceOrientationLandscapeLeft UIInterfaceOrientationLandscapeRight";
				"INFOPLIST_KEY_UISupportedInterfaceOrientations_iPhone[sdk=iphonesimulator*]" = "UIInterfaceOrientationPortrait UIInterfaceOrientationLandscapeLeft UIInterfaceOrientationLandscapeRight";
				IPHONEOS_DEPLOYMENT_TARGET = 16.0;
				LD_RUNPATH_SEARCH_PATHS = "@executable_path/Frameworks";
				"LD_RUNPATH_SEARCH_PATHS[sdk=macosx*]" = "@executable_path/../Frameworks";
				MACOSX_DEPLOYMENT_TARGET = 13.0;
				MARKETING_VERSION = 1.0;
				PRODUCT_BUNDLE_IDENTIFIER = com.example.NavigationCookbook;
				PRODUCT_NAME = "$(TARGET_NAME)";
				PROVISIONING_PROFILE_SPECIFIER = "";
				SDKROOT = auto;
				SUPPORTED_PLATFORMS = "iphoneos iphonesimulator macosx";
				SWIFT_EMIT_LOC_STRINGS = YES;
				SWIFT_VERSION = 5.0;
				TARGETED_DEVICE_FAMILY = "1,2";
			};
			name = Debug;
		};
		AD23125E283EED1200254BBF /* Release */ = {
			isa = XCBuildConfiguration;
			buildSettings = {
				ASSETCATALOG_COMPILER_APPICON_NAME = AppIcon;
				ASSETCATALOG_COMPILER_GLOBAL_ACCENT_COLOR_NAME = AccentColor;
				CODE_SIGN_ENTITLEMENTS = NavigationCookbook/Resources/NavigationCookbook.entitlements;
				CODE_SIGN_IDENTITY = "Apple Development";
				"CODE_SIGN_IDENTITY[sdk=macosx*]" = "Apple Development";
				CODE_SIGN_STYLE = Automatic;
				CURRENT_PROJECT_VERSION = 1;
				DEVELOPMENT_ASSET_PATHS = "\"NavigationCookbook/Resources/Preview Content\"";
				DEVELOPMENT_TEAM = WGHLUH2UCD;
				ENABLE_PREVIEWS = YES;
				GENERATE_INFOPLIST_FILE = YES;
				"INFOPLIST_KEY_UILaunchScreen_Generation[sdk=iphoneos*]" = YES;
				"INFOPLIST_KEY_UILaunchScreen_Generation[sdk=iphonesimulator*]" = YES;
				"INFOPLIST_KEY_UISupportedInterfaceOrientations_iPad[sdk=iphoneos*]" = "UIInterfaceOrientationPortrait UIInterfaceOrientationPortraitUpsideDown UIInterfaceOrientationLandscapeLeft UIInterfaceOrientationLandscapeRight";
				"INFOPLIST_KEY_UISupportedInterfaceOrientations_iPad[sdk=iphonesimulator*]" = "UIInterfaceOrientationPortrait UIInterfaceOrientationPortraitUpsideDown UIInterfaceOrientationLandscapeLeft UIInterfaceOrientationLandscapeRight";
				"INFOPLIST_KEY_UISupportedInterfaceOrientations_iPhone[sdk=iphoneos*]" = "UIInterfaceOrientationPortrait UIInterfaceOrientationLandscapeLeft UIInterfaceOrientationLandscapeRight";
				"INFOPLIST_KEY_UISupportedInterfaceOrientations_iPhone[sdk=iphonesimulator*]" = "UIInterfaceOrientationPortrait UIInterfaceOrientationLandscapeLeft UIInterfaceOrientationLandscapeRight";
				IPHONEOS_DEPLOYMENT_TARGET = 16.0;
				LD_RUNPATH_SEARCH_PATHS = "@executable_path/Frameworks";
				"LD_RUNPATH_SEARCH_PATHS[sdk=macosx*]" = "@executable_path/../Frameworks";
				MACOSX_DEPLOYMENT_TARGET = 13.0;
				MARKETING_VERSION = 1.0;
				PRODUCT_BUNDLE_IDENTIFIER = com.example.NavigationCookbook;
				PRODUCT_NAME = "$(TARGET_NAME)";
				PROVISIONING_PROFILE_SPECIFIER = "";
				SDKROOT = auto;
				SUPPORTED_PLATFORMS = "iphoneos iphonesimulator macosx";
				SWIFT_EMIT_LOC_STRINGS = YES;
				SWIFT_VERSION = 5.0;
				TARGETED_DEVICE_FAMILY = "1,2";
			};
			name = Release;
		};
/* End XCBuildConfiguration section */

/* Begin XCConfigurationList section */
		4D613FD127FB91380018C5F3 /* Build configuration list for PBXProject "NavigationCookbook" */ = {
			isa = XCConfigurationList;
			buildConfigurations = (
				4D613FE927FB913A0018C5F3 /* Debug */,
				4D613FEA27FB913A0018C5F3 /* Release */,
			);
			defaultConfigurationIsVisible = 0;
			defaultConfigurationName = Release;
		};
		AD23125F283EED1200254BBF /* Build configuration list for PBXNativeTarget "NavigationCookbook" */ = {
			isa = XCConfigurationList;
			buildConfigurations = (
				AD23125D283EED1200254BBF /* Debug */,
				AD23125E283EED1200254BBF /* Release */,
			);
			defaultConfigurationIsVisible = 0;
			defaultConfigurationName = Release;
		};
/* End XCConfigurationList section */

/* Begin XCRemoteSwiftPackageReference section */
		B3C78FCD2C11FA7E0033F872 /* XCRemoteSwiftPackageReference "swift-composable-architecture" */ = {
			isa = XCRemoteSwiftPackageReference;
			repositoryURL = "https://github.com/pointfreeco/swift-composable-architecture.git";
			requirement = {
				kind = upToNextMajorVersion;
				minimumVersion = 1.10.4;
			};
		};
/* End XCRemoteSwiftPackageReference section */

/* Begin XCSwiftPackageProductDependency section */
		B3C78FCE2C11FA7E0033F872 /* ComposableArchitecture */ = {
			isa = XCSwiftPackageProductDependency;
			package = B3C78FCD2C11FA7E0033F872 /* XCRemoteSwiftPackageReference "swift-composable-architecture" */;
			productName = ComposableArchitecture;
		};
/* End XCSwiftPackageProductDependency section */
	};
	rootObject = 4D613FCE27FB91380018C5F3 /* Project object */;
}
